
Microsoft Visual Studio Solution File, Format Version 12.00
# Visual Studio Version 17
VisualStudioVersion = 17.6.33829.357
MinimumVisualStudioVersion = 10.0.40219.1
Project("{FAE04EC0-301F-11D3-BF4B-00C04F79EFBC}") = "TelrPayment", "TelrPayment\TelrPayment.csproj", "{9AA62253-7CE6-4C6E-89F2-20518F6C4D1F}"
EndProject
Global
	GlobalSection(SolutionConfigurationPlatforms) = preSolution
		Debug|Any CPU = Debug|Any CPU
		Release|Any CPU = Release|Any CPU
	EndGlobalSection
	GlobalSection(ProjectConfigurationPlatforms) = postSolution
		{9AA62253-7CE6-4C6E-89F2-20518F6C4D1F}.Debug|Any CPU.ActiveCfg = Debug|Any CPU
		{9AA62253-7CE6-4C6E-89F2-20518F6C4D1F}.Debug|Any CPU.Build.0 = Debug|Any CPU
		{9AA62253-7CE6-4C6E-89F2-20518F6C4D1F}.Release|Any CPU.ActiveCfg = Release|Any CPU
		{9AA62253-7CE6-4C6E-89F2-20518F6C4D1F}.Release|Any CPU.Build.0 = Release|Any CPU
	EndGlobalSection
	GlobalSection(SolutionProperties) = preSolution
		HideSolutionNode = FALSE
	EndGlobalSection
	GlobalSection(ExtensibilityGlobals) = postSolution
		SolutionGuid = {3D77E04B-8502-48C1-84CF-DE722D0BD09C}
	EndGlobalSection
EndGlobal
